
Microsoft Visual Studio Solution File, Format Version 12.00
# Visual Studio Version 17
VisualStudioVersion = 17.0.31903.59
MinimumVisualStudioVersion = 10.0.40219.1
Project("{2150E333-8FDC-42A3-9474-1A3956D46DE8}") = "src", "src", "{51A12DF8-96AD-4D91-AFB8-8A9F5821E20E}"
EndProject
Project("{FAE04EC0-301F-11D3-BF4B-00C04F79EFBC}") = "TechReserveSystem.API", "src\TechReserveSystem.API\TechReserveSystem.API.csproj", "{0D996045-A448-4876-8A8A-189A5DE9A248}"
EndProject
Project("{FAE04EC0-301F-11D3-BF4B-00C04F79EFBC}") = "TechReserveSystem.Domain", "src\TechReserveSystem.Domain\TechReserveSystem.Domain.csproj", "{03638BC5-50D8-45D9-91FB-E3A8FA45A0CD}"
EndProject
Project("{FAE04EC0-301F-11D3-BF4B-00C04F79EFBC}") = "TechReserveSystem.Infrastructure", "src\TechReserveSystem.Infrastructure\TechReserveSystem.Infrastructure.csproj", "{4C3E2A80-9D48-44AD-96D0-BA50E8CCE917}"
EndProject
Project("{FAE04EC0-301F-11D3-BF4B-00C04F79EFBC}") = "TechReserveSystem.Application", "src\TechReserveSystem.Application\TechReserveSystem.Application.csproj", "{05D90F5F-2F8F-4D5D-A77A-B3883FDD5F39}"
EndProject
Project("{2150E333-8FDC-42A3-9474-1A3956D46DE8}") = "Shared", "Shared", "{135D805D-35FA-41FC-905A-7B7868A213B6}"
EndProject
Project("{FAE04EC0-301F-11D3-BF4B-00C04F79EFBC}") = "TechReserveSystem.Shared.Exceptions", "src\Shared\TechReserveSystem.Shared.Exceptions\TechReserveSystem.Shared.Exceptions.csproj", "{69760D6E-15E6-4285-BE9C-CF04B3D0A3FC}"
EndProject
Project("{FAE04EC0-301F-11D3-BF4B-00C04F79EFBC}") = "TechReserveSystem.Shared.Communication", "src\Shared\TechReserveSystem.Shared.Communication\TechReserveSystem.Shared.Communication.csproj", "{BB45F2AE-8230-428C-A012-56530BFE7A43}"
EndProject
Global
	GlobalSection(SolutionConfigurationPlatforms) = preSolution
		Debug|Any CPU = Debug|Any CPU
		Release|Any CPU = Release|Any CPU
	EndGlobalSection
	GlobalSection(SolutionProperties) = preSolution
		HideSolutionNode = FALSE
	EndGlobalSection
	GlobalSection(ProjectConfigurationPlatforms) = postSolution
		{0D996045-A448-4876-8A8A-189A5DE9A248}.Debug|Any CPU.ActiveCfg = Debug|Any CPU
		{0D996045-A448-4876-8A8A-189A5DE9A248}.Debug|Any CPU.Build.0 = Debug|Any CPU
		{0D996045-A448-4876-8A8A-189A5DE9A248}.Release|Any CPU.ActiveCfg = Release|Any CPU
		{0D996045-A448-4876-8A8A-189A5DE9A248}.Release|Any CPU.Build.0 = Release|Any CPU
		{03638BC5-50D8-45D9-91FB-E3A8FA45A0CD}.Debug|Any CPU.ActiveCfg = Debug|Any CPU
		{03638BC5-50D8-45D9-91FB-E3A8FA45A0CD}.Debug|Any CPU.Build.0 = Debug|Any CPU
		{03638BC5-50D8-45D9-91FB-E3A8FA45A0CD}.Release|Any CPU.ActiveCfg = Release|Any CPU
		{03638BC5-50D8-45D9-91FB-E3A8FA45A0CD}.Release|Any CPU.Build.0 = Release|Any CPU
		{4C3E2A80-9D48-44AD-96D0-BA50E8CCE917}.Debug|Any CPU.ActiveCfg = Debug|Any CPU
		{4C3E2A80-9D48-44AD-96D0-BA50E8CCE917}.Debug|Any CPU.Build.0 = Debug|Any CPU
		{4C3E2A80-9D48-44AD-96D0-BA50E8CCE917}.Release|Any CPU.ActiveCfg = Release|Any CPU
		{4C3E2A80-9D48-44AD-96D0-BA50E8CCE917}.Release|Any CPU.Build.0 = Release|Any CPU
		{05D90F5F-2F8F-4D5D-A77A-B3883FDD5F39}.Debug|Any CPU.ActiveCfg = Debug|Any CPU
		{05D90F5F-2F8F-4D5D-A77A-B3883FDD5F39}.Debug|Any CPU.Build.0 = Debug|Any CPU
		{05D90F5F-2F8F-4D5D-A77A-B3883FDD5F39}.Release|Any CPU.ActiveCfg = Release|Any CPU
		{05D90F5F-2F8F-4D5D-A77A-B3883FDD5F39}.Release|Any CPU.Build.0 = Release|Any CPU
		{69760D6E-15E6-4285-BE9C-CF04B3D0A3FC}.Debug|Any CPU.ActiveCfg = Debug|Any CPU
		{69760D6E-15E6-4285-BE9C-CF04B3D0A3FC}.Debug|Any CPU.Build.0 = Debug|Any CPU
		{69760D6E-15E6-4285-BE9C-CF04B3D0A3FC}.Release|Any CPU.ActiveCfg = Release|Any CPU
		{69760D6E-15E6-4285-BE9C-CF04B3D0A3FC}.Release|Any CPU.Build.0 = Release|Any CPU
		{BB45F2AE-8230-428C-A012-56530BFE7A43}.Debug|Any CPU.ActiveCfg = Debug|Any CPU
		{BB45F2AE-8230-428C-A012-56530BFE7A43}.Debug|Any CPU.Build.0 = Debug|Any CPU
		{BB45F2AE-8230-428C-A012-56530BFE7A43}.Release|Any CPU.ActiveCfg = Release|Any CPU
		{BB45F2AE-8230-428C-A012-56530BFE7A43}.Release|Any CPU.Build.0 = Release|Any CPU
	EndGlobalSection
	GlobalSection(NestedProjects) = preSolution
		{0D996045-A448-4876-8A8A-189A5DE9A248} = {51A12DF8-96AD-4D91-AFB8-8A9F5821E20E}
		{03638BC5-50D8-45D9-91FB-E3A8FA45A0CD} = {51A12DF8-96AD-4D91-AFB8-8A9F5821E20E}
		{4C3E2A80-9D48-44AD-96D0-BA50E8CCE917} = {51A12DF8-96AD-4D91-AFB8-8A9F5821E20E}
		{05D90F5F-2F8F-4D5D-A77A-B3883FDD5F39} = {51A12DF8-96AD-4D91-AFB8-8A9F5821E20E}
		{135D805D-35FA-41FC-905A-7B7868A213B6} = {51A12DF8-96AD-4D91-AFB8-8A9F5821E20E}
		{69760D6E-15E6-4285-BE9C-CF04B3D0A3FC} = {135D805D-35FA-41FC-905A-7B7868A213B6}
		{BB45F2AE-8230-428C-A012-56530BFE7A43} = {135D805D-35FA-41FC-905A-7B7868A213B6}
	EndGlobalSection
EndGlobal
